
Microsoft Visual Studio Solution File, Format Version 12.00
# Visual Studio Version 17
VisualStudioVersion = 17.4.33213.308
MinimumVisualStudioVersion = 10.0.40219.1
Project("{FAE04EC0-301F-11D3-BF4B-00C04F79EFBC}") = "module4_1302213015", "module4_1302213015.csproj", "{9CF0D095-7AD8-4183-BD60-EE7F0E24E232}"
EndProject
Global
	GlobalSection(SolutionConfigurationPlatforms) = preSolution
		Debug|Any CPU = Debug|Any CPU
		Release|Any CPU = Release|Any CPU
	EndGlobalSection
	GlobalSection(ProjectConfigurationPlatforms) = postSolution
		{9CF0D095-7AD8-4183-BD60-EE7F0E24E232}.Debug|Any CPU.ActiveCfg = Debug|Any CPU
		{9CF0D095-7AD8-4183-BD60-EE7F0E24E232}.Debug|Any CPU.Build.0 = Debug|Any CPU
		{9CF0D095-7AD8-4183-BD60-EE7F0E24E232}.Release|Any CPU.ActiveCfg = Release|Any CPU
		{9CF0D095-7AD8-4183-BD60-EE7F0E24E232}.Release|Any CPU.Build.0 = Release|Any CPU
	EndGlobalSection
	GlobalSection(SolutionProperties) = preSolution
		HideSolutionNode = FALSE
	EndGlobalSection
	GlobalSection(ExtensibilityGlobals) = postSolution
		SolutionGuid = {610C3A6C-331B-4F12-9547-BF19B1503595}
	EndGlobalSection
EndGlobal
