
Microsoft Visual Studio Solution File, Format Version 12.00
# Visual Studio Version 17
VisualStudioVersion = 17.5.33516.290
MinimumVisualStudioVersion = 10.0.40219.1
Project("{FAE04EC0-301F-11D3-BF4B-00C04F79EFBC}") = "tpmod9_1302213015", "tpmod9_1302213015.csproj", "{11211524-A498-4611-9FF6-1185A9D666EE}"
EndProject
Global
	GlobalSection(SolutionConfigurationPlatforms) = preSolution
		Debug|Any CPU = Debug|Any CPU
		Release|Any CPU = Release|Any CPU
	EndGlobalSection
	GlobalSection(ProjectConfigurationPlatforms) = postSolution
		{11211524-A498-4611-9FF6-1185A9D666EE}.Debug|Any CPU.ActiveCfg = Debug|Any CPU
		{11211524-A498-4611-9FF6-1185A9D666EE}.Debug|Any CPU.Build.0 = Debug|Any CPU
		{11211524-A498-4611-9FF6-1185A9D666EE}.Release|Any CPU.ActiveCfg = Release|Any CPU
		{11211524-A498-4611-9FF6-1185A9D666EE}.Release|Any CPU.Build.0 = Release|Any CPU
	EndGlobalSection
	GlobalSection(SolutionProperties) = preSolution
		HideSolutionNode = FALSE
	EndGlobalSection
	GlobalSection(ExtensibilityGlobals) = postSolution
		SolutionGuid = {3B198DC3-9121-44AC-9661-08F7301E5DFA}
	EndGlobalSection
EndGlobal
