
Microsoft Visual Studio Solution File, Format Version 12.00
# Visual Studio Version 17
VisualStudioVersion = 17.4.33213.308
MinimumVisualStudioVersion = 10.0.40219.1
Project("{FAE04EC0-301F-11D3-BF4B-00C04F79EFBC}") = "modul7_kelompok_01", "modul7_kelompok_01.csproj", "{187B5906-D057-4515-B06E-255A5D20BAA4}"
EndProject
Global
	GlobalSection(SolutionConfigurationPlatforms) = preSolution
		Debug|Any CPU = Debug|Any CPU
		Release|Any CPU = Release|Any CPU
	EndGlobalSection
	GlobalSection(ProjectConfigurationPlatforms) = postSolution
		{187B5906-D057-4515-B06E-255A5D20BAA4}.Debug|Any CPU.ActiveCfg = Debug|Any CPU
		{187B5906-D057-4515-B06E-255A5D20BAA4}.Debug|Any CPU.Build.0 = Debug|Any CPU
		{187B5906-D057-4515-B06E-255A5D20BAA4}.Release|Any CPU.ActiveCfg = Release|Any CPU
		{187B5906-D057-4515-B06E-255A5D20BAA4}.Release|Any CPU.Build.0 = Release|Any CPU
	EndGlobalSection
	GlobalSection(SolutionProperties) = preSolution
		HideSolutionNode = FALSE
	EndGlobalSection
	GlobalSection(ExtensibilityGlobals) = postSolution
		SolutionGuid = {6A6BFF3B-1E66-4A74-9F05-F9CBEA151B0F}
	EndGlobalSection
EndGlobal
