
Microsoft Visual Studio Solution File, Format Version 12.00
# Visual Studio Version 17
VisualStudioVersion = 17.5.33414.496
MinimumVisualStudioVersion = 10.0.40219.1
Project("{FAE04EC0-301F-11D3-BF4B-00C04F79EFBC}") = "tpmodule4_1302213015", "tpmodule4_1302213015.csproj", "{61CD4790-932B-43B3-B7FC-825321BA959D}"
EndProject
Global
	GlobalSection(SolutionConfigurationPlatforms) = preSolution
		Debug|Any CPU = Debug|Any CPU
		Release|Any CPU = Release|Any CPU
	EndGlobalSection
	GlobalSection(ProjectConfigurationPlatforms) = postSolution
		{61CD4790-932B-43B3-B7FC-825321BA959D}.Debug|Any CPU.ActiveCfg = Debug|Any CPU
		{61CD4790-932B-43B3-B7FC-825321BA959D}.Debug|Any CPU.Build.0 = Debug|Any CPU
		{61CD4790-932B-43B3-B7FC-825321BA959D}.Release|Any CPU.ActiveCfg = Release|Any CPU
		{61CD4790-932B-43B3-B7FC-825321BA959D}.Release|Any CPU.Build.0 = Release|Any CPU
	EndGlobalSection
	GlobalSection(SolutionProperties) = preSolution
		HideSolutionNode = FALSE
	EndGlobalSection
	GlobalSection(ExtensibilityGlobals) = postSolution
		SolutionGuid = {0BFA4B32-1503-45DF-964A-28D40E8067A9}
	EndGlobalSection
EndGlobal
